{
  "name": "tramtime",
  "version": "0.0.1",
  "lockfileVersion": 1,
  "dependencies": {
    "express": {
      "version": "4.13.1",
      "resolved": "https://registry.npmjs.org/express/-/express-4.13.1.tgz",
      "integrity": "sha1-8ReqHR9r7byN5bbXH8MaWs0PY98=",
      "dependencies": {
        "accepts": {
          "version": "1.2.10",
          "resolved": "https://registry.npmjs.org/accepts/-/accepts-1.2.10.tgz",
          "integrity": "sha1-+CXxUcCWCRSIFiW+hF0ElAaR72k=",
          "dependencies": {
            "mime-types": {
              "version": "2.1.2",
              "resolved": "https://registry.npmjs.org/mime-types/-/mime-types-2.1.2.tgz",
              "integrity": "sha1-ZUXM2Vr+d7nGVdgcLmzqzjYlcic=",
              "dependencies": {
                "mime-db": {
                  "version": "1.14.0",
                  "resolved": "https://registry.npmjs.org/mime-db/-/mime-db-1.14.0.tgz",
                  "integrity": "sha1-1WHxC27mbbUflK5leilRp0IX7YM="
                }
              }
            },
            "negotiator": {
              "version": "0.5.3",
              "resolved": "https://registry.npmjs.org/negotiator/-/negotiator-0.5.3.tgz",
              "integrity": "sha1-Jp1cR2gQ7JLtvntsLygxY4T5p+g="
            }
          }
        },
        "array-flatten": {
          "version": "1.1.0",
          "resolved": "https://registry.npmjs.org/array-flatten/-/array-flatten-1.1.0.tgz",
          "integrity": "sha1-rD76xxew57vcd4zgvec4GsZgQ5M="
        },
        "content-disposition": {
          "version": "0.5.0",
          "resolved": "https://registry.npmjs.org/content-disposition/-/content-disposition-0.5.0.tgz",
          "integrity": "sha1-QoT+auBjCHRjnkToCkGMKTQTXp4="
        },
        "content-type": {
          "version": "1.0.1",
          "resolved": "https://registry.npmjs.org/content-type/-/content-type-1.0.1.tgz",
          "integrity": "sha1-oZ0iRzJ9wDgFDOYit6FU7FnF5gA="
        },
        "cookie": {
          "version": "0.1.3",
          "resolved": "https://registry.npmjs.org/cookie/-/cookie-0.1.3.tgz",
          "integrity": "sha1-5zSlwUF/zkctWu+Cw4HKu2TRpDU="
        },
        "cookie-signature": {
          "version": "1.0.6",
          "resolved": "https://registry.npmjs.org/cookie-signature/-/cookie-signature-1.0.6.tgz",
          "integrity": "sha1-4wOogrNCzD7oylE6eZmXNNqzriw="
        },
        "debug": {
          "version": "2.2.0",
          "resolved": "https://registry.npmjs.org/debug/-/debug-2.2.0.tgz",
          "integrity": "sha1-+HBX6ZWxofauaklgZkE3vFbwOdo=",
          "dependencies": {
            "ms": {
              "version": "0.7.1",
              "resolved": "https://registry.npmjs.org/ms/-/ms-0.7.1.tgz",
              "integrity": "sha1-nNE8A62/8ltl7/3nzoZO6VIBcJg="
            }
          }
        },
        "depd": {
          "version": "1.0.1",
          "resolved": "https://registry.npmjs.org/depd/-/depd-1.0.1.tgz",
          "integrity": "sha1-gK7GTJ1tl+ZcwqnKqTwKpqv3Oqo="
        },
        "escape-html": {
          "version": "1.0.2",
          "resolved": "https://registry.npmjs.org/escape-html/-/escape-html-1.0.2.tgz",
          "integrity": "sha1-130y+pjjjC9BroXpJ44ODmuhAiw="
        },
        "etag": {
          "version": "1.7.0",
          "resolved": "https://registry.npmjs.org/etag/-/etag-1.7.0.tgz",
          "integrity": "sha1-A9MLX2fdbmMtKUXTDWZScxo01dg="
        },
        "finalhandler": {
          "version": "0.4.0",
          "resolved": "https://registry.npmjs.org/finalhandler/-/finalhandler-0.4.0.tgz",
          "integrity": "sha1-llpS2ejQXSuFdUhUH7ibU6JJfZs=",
          "dependencies": {
            "unpipe": {
              "version": "1.0.0",
              "resolved": "https://registry.npmjs.org/unpipe/-/unpipe-1.0.0.tgz",
              "integrity": "sha1-sr9O6FFKrmFltIF4KdIbLvSZBOw="
            }
          }
        },
        "fresh": {
          "version": "0.3.0",
          "resolved": "https://registry.npmjs.org/fresh/-/fresh-0.3.0.tgz",
          "integrity": "sha1-ZR+DjiJCTnVm3hYdg1jKoZn4PU8="
        },
        "merge-descriptors": {
          "version": "1.0.0",
          "resolved": "https://registry.npmjs.org/merge-descriptors/-/merge-descriptors-1.0.0.tgz",
          "integrity": "sha1-IWnPdTjhsMyH+4jhUC2EdLv3mGQ="
        },
        "methods": {
          "version": "1.1.1",
          "resolved": "https://registry.npmjs.org/methods/-/methods-1.1.1.tgz",
          "integrity": "sha1-F+pjZgZtAMWON1uOx9/QRTyJgio="
        },
        "on-finished": {
          "version": "2.3.0",
          "resolved": "https://registry.npmjs.org/on-finished/-/on-finished-2.3.0.tgz",
          "integrity": "sha1-IPEzZIGwg811M3mSoWlxqi2QaUc=",
          "dependencies": {
            "ee-first": {
              "version": "1.1.1",
              "resolved": "https://registry.npmjs.org/ee-first/-/ee-first-1.1.1.tgz",
              "integrity": "sha1-WQxhFWsK4vTwJVcyoViyZrxWsh0="
            }
          }
        },
        "parseurl": {
          "version": "1.3.0",
          "resolved": "https://registry.npmjs.org/parseurl/-/parseurl-1.3.0.tgz",
          "integrity": "sha1-tYBG20Ij4UWvp2AJ5hush8wigbM="
        },
        "path-to-regexp": {
          "version": "0.1.6",
          "resolved": "https://registry.npmjs.org/path-to-regexp/-/path-to-regexp-0.1.6.tgz",
          "integrity": "sha1-8B/Vc0BHtr+8XyCMYTWjPXrwnDY="
        },
        "proxy-addr": {
          "version": "1.0.8",
          "resolved": "https://registry.npmjs.org/proxy-addr/-/proxy-addr-1.0.8.tgz",
          "integrity": "sha1-21Tsh4vMEFPVdkZgkhmzcVZ4uv4=",
          "dependencies": {
            "forwarded": {
              "version": "0.1.0",
              "resolved": "https://registry.npmjs.org/forwarded/-/forwarded-0.1.0.tgz",
              "integrity": "sha1-Ge+YdMSuHCl7zweP3mOgm2aoQ2M="
            },
            "ipaddr.js": {
              "version": "1.0.1",
              "resolved": "https://registry.npmjs.org/ipaddr.js/-/ipaddr.js-1.0.1.tgz",
              "integrity": "sha1-XziAHcc+BAD8cHY4b27VIV+9j5U="
            }
          }
        },
        "qs": {
          "version": "4.0.0",
          "resolved": "https://registry.npmjs.org/qs/-/qs-4.0.0.tgz",
          "integrity": "sha1-wx2bdOwn33XlQ6hseHKO2NRiNgc="
        },
        "range-parser": {
          "version": "1.0.2",
          "resolved": "https://registry.npmjs.org/range-parser/-/range-parser-1.0.2.tgz",
          "integrity": "sha1-BqEqQuUTG6jkV82JIESGfyNE5Uk="
        },
        "send": {
          "version": "0.13.0",
          "resolved": "https://registry.npmjs.org/send/-/send-0.13.0.tgz",
          "integrity": "sha1-UY+SGusFYK7H3KspkLFM9vPM5d4=",
          "dependencies": {
            "destroy": {
              "version": "1.0.3",
              "resolved": "https://registry.npmjs.org/destroy/-/destroy-1.0.3.tgz",
              "integrity": "sha1-tDO0ck5x/YVR2YhRdIUcX8N34sk="
            },
            "http-errors": {
              "version": "1.3.1",
              "resolved": "https://registry.npmjs.org/http-errors/-/http-errors-1.3.1.tgz",
              "integrity": "sha1-GX4izevUGYWF6GlO9nhhl7ke2UI=",
              "dependencies": {
                "inherits": {
                  "version": "2.0.1",
                  "resolved": "https://registry.npmjs.org/inherits/-/inherits-2.0.1.tgz",
                  "integrity": "sha1-sX0I0ya0Qj5Wjv9xn5GwscvfafE="
                }
              }
            },
            "mime": {
              "version": "1.3.4",
              "resolved": "https://registry.npmjs.org/mime/-/mime-1.3.4.tgz",
              "integrity": "sha1-EV+eO2s9rylZmDyzjxSaLUDrXVM="
            },
            "ms": {
              "version": "0.7.1",
              "resolved": "https://registry.npmjs.org/ms/-/ms-0.7.1.tgz",
              "integrity": "sha1-nNE8A62/8ltl7/3nzoZO6VIBcJg="
            },
            "statuses": {
              "version": "1.2.1",
              "resolved": "https://registry.npmjs.org/statuses/-/statuses-1.2.1.tgz",
              "integrity": "sha1-3e1FzBglbVHtQK7BQkidXGECbSg="
            }
          }
        },
        "serve-static": {
          "version": "1.10.0",
          "resolved": "https://registry.npmjs.org/serve-static/-/serve-static-1.10.0.tgz",
          "integrity": "sha1-vmMvqmhYIOSkPtPfE3kTXMTzcNc="
        },
        "type-is": {
          "version": "1.6.4",
          "resolved": "https://registry.npmjs.org/type-is/-/type-is-1.6.4.tgz",
          "integrity": "sha1-12/pLwvPewzxa2TQleJI9xB5wxg=",
          "dependencies": {
            "media-typer": {
              "version": "0.3.0",
              "resolved": "https://registry.npmjs.org/media-typer/-/media-typer-0.3.0.tgz",
              "integrity": "sha1-hxDXrwqmJvj/+hzgAWhUUmMlV0g="
            },
            "mime-types": {
              "version": "2.1.2",
              "resolved": "https://registry.npmjs.org/mime-types/-/mime-types-2.1.2.tgz",
              "integrity": "sha1-ZUXM2Vr+d7nGVdgcLmzqzjYlcic=",
              "dependencies": {
                "mime-db": {
                  "version": "1.14.0",
                  "resolved": "https://registry.npmjs.org/mime-db/-/mime-db-1.14.0.tgz",
                  "integrity": "sha1-1WHxC27mbbUflK5leilRp0IX7YM="
                }
              }
            }
          }
        },
        "utils-merge": {
          "version": "1.0.0",
          "resolved": "https://registry.npmjs.org/utils-merge/-/utils-merge-1.0.0.tgz",
          "integrity": "sha1-ApT7kiu5N1FTVBxPcJYjHyh8ivg="
        },
        "vary": {
          "version": "1.0.1",
          "resolved": "https://registry.npmjs.org/vary/-/vary-1.0.1.tgz",
          "integrity": "sha1-meSYFWaihhGN+yuBc1ffeZM3bRA="
        }
      }
    },
    "logfmt": {
      "version": "1.2.0",
      "resolved": "https://registry.npmjs.org/logfmt/-/logfmt-1.2.0.tgz",
      "integrity": "sha1-HMwGfBz+ZfPs9YVsCdJlT2kgNXI=",
      "dependencies": {
        "lodash": {
          "version": "2.4.2",
          "resolved": "https://registry.npmjs.org/lodash/-/lodash-2.4.2.tgz",
          "integrity": "sha1-+t2DS5aDBz2hebPq5tnA0VBT9z4="
        },
        "through": {
          "version": "2.3.8",
          "resolved": "https://registry.npmjs.org/through/-/through-2.3.8.tgz",
          "integrity": "sha1-DdTJ/6q8NXlgsbckEV1+Doai4fU="
        }
      }
    },
    "moment": {
      "version": "2.10.3",
      "resolved": "https://registry.npmjs.org/moment/-/moment-2.10.3.tgz",
      "integrity": "sha1-CruZ8wf2UhgwjGk17+KcV7Ggon8="
    },
    "promise": {
      "version": "7.0.4",
      "resolved": "https://registry.npmjs.org/promise/-/promise-7.0.4.tgz",
      "integrity": "sha1-Nj6EpMNsg1a4kP7WLJHOhdAu1Tk=",
      "dependencies": {
        "asap": {
          "version": "2.0.3",
          "resolved": "https://registry.npmjs.org/asap/-/asap-2.0.3.tgz",
          "integrity": "sha1-H8HRVk7hFiDfym1nAphQkT+fRnk="
        }
      }
    },
    "request": {
      "version": "2.58.0",
      "resolved": "https://registry.npmjs.org/request/-/request-2.58.0.tgz",
      "integrity": "sha1-tfScC5Sqt/rTiGEqH7atA7bMFYA=",
      "dependencies": {
        "aws-sign2": {
          "version": "0.5.0",
          "resolved": "https://registry.npmjs.org/aws-sign2/-/aws-sign2-0.5.0.tgz",
          "integrity": "sha1-xXED96F/wDfwLXwuZLYC6iI/fWM="
        },
        "bl": {
          "version": "0.9.4",
          "resolved": "https://registry.npmjs.org/bl/-/bl-0.9.4.tgz",
          "integrity": "sha1-RwLd9y++Ds2CeHwAwROuoZNa0Oc=",
          "dependencies": {
            "readable-stream": {
              "version": "1.0.33",
              "resolved": "https://registry.npmjs.org/readable-stream/-/readable-stream-1.0.33.tgz",
              "integrity": "sha1-OjYN1mwbHX/UcFOJhg7aHQ9hEmw=",
              "dependencies": {
                "core-util-is": {
                  "version": "1.0.1",
                  "resolved": "https://registry.npmjs.org/core-util-is/-/core-util-is-1.0.1.tgz",
                  "integrity": "sha1-awcIWu+aPMrG7lO/nT3wwVIaVTg="
                },
                "inherits": {
                  "version": "2.0.1",
                  "resolved": "https://registry.npmjs.org/inherits/-/inherits-2.0.1.tgz",
                  "integrity": "sha1-sX0I0ya0Qj5Wjv9xn5GwscvfafE="
                },
                "isarray": {
                  "version": "0.0.1",
                  "resolved": "http://localhost:8080/isarray/-/isarray-0.0.1.tgz",
                  "integrity": "sha1-ihis/Kmo9Bd+Cav8YDiTmwXR7t8="
                },
                "string_decoder": {
                  "version": "0.10.31",
                  "resolved": "https://registry.npmjs.org/string_decoder/-/string_decoder-0.10.31.tgz",
                  "integrity": "sha1-YuIDvEF2bGwoyfyEMB2rHFMQ+pQ="
                }
              }
            }
          }
        },
        "caseless": {
          "version": "0.10.0",
          "resolved": "https://registry.npmjs.org/caseless/-/caseless-0.10.0.tgz",
          "integrity": "sha1-7WsnGa3NH9GPWNwIHA8aW0OWOQk="
        },
        "combined-stream": {
          "version": "1.0.5",
          "resolved": "https://registry.npmjs.org/combined-stream/-/combined-stream-1.0.5.tgz",
          "integrity": "sha1-k4NwpXtKUd6ix3wV1cX9+JUWQAk=",
          "dependencies": {
            "delayed-stream": {
              "version": "1.0.0",
              "resolved": "https://registry.npmjs.org/delayed-stream/-/delayed-stream-1.0.0.tgz",
              "integrity": "sha1-3zrhmayt+31ECqrgsp4icrJOxhk="
            }
          }
        },
        "extend": {
          "version": "2.0.1",
          "resolved": "https://registry.npmjs.org/extend/-/extend-2.0.1.tgz",
          "integrity": "sha1-HugBBonnOV/5RIJByYZSvHWagmA="
        },
        "forever-agent": {
          "version": "0.6.1",
          "resolved": "https://registry.npmjs.org/forever-agent/-/forever-agent-0.6.1.tgz",
          "integrity": "sha1-+8cfDEGt6zf5bFd60e1C2P2sypE="
        },
        "form-data": {
          "version": "1.0.0-rc1",
          "resolved": "https://registry.npmjs.org/form-data/-/form-data-1.0.0-rc1.tgz",
          "integrity": "sha1-3l2H/yhDlZb09VAL/1jRJE1UeTo=",
          "dependencies": {
            "async": {
              "version": "1.3.0",
              "resolved": "https://registry.npmjs.org/async/-/async-1.3.0.tgz",
              "integrity": "sha1-pvFjHopZWmY0ltClWGvRIAfUhx0="
            },
            "mime-types": {
              "version": "2.1.2",
              "resolved": "https://registry.npmjs.org/mime-types/-/mime-types-2.1.2.tgz",
              "integrity": "sha1-ZUXM2Vr+d7nGVdgcLmzqzjYlcic=",
              "dependencies": {
                "mime-db": {
                  "version": "1.14.0",
                  "resolved": "https://registry.npmjs.org/mime-db/-/mime-db-1.14.0.tgz",
                  "integrity": "sha1-1WHxC27mbbUflK5leilRp0IX7YM="
                }
              }
            }
          }
        },
        "har-validator": {
          "version": "1.8.0",
          "resolved": "https://registry.npmjs.org/har-validator/-/har-validator-1.8.0.tgz",
          "integrity": "sha1-2DhCsOtMQ1lgrrEIoGejqpTA7rI=",
          "dependencies": {
            "bluebird": {
              "version": "2.9.33",
              "resolved": "https://registry.npmjs.org/bluebird/-/bluebird-2.9.33.tgz",
              "integrity": "sha1-yLwmzrrPqCkxJBmdkntMfejOgB0="
            },
            "chalk": {
              "version": "1.1.0",
              "resolved": "https://registry.npmjs.org/chalk/-/chalk-1.1.0.tgz",
              "integrity": "sha1-CbRTzsSXp1Ug5KYK5IIUqHAOCSE=",
              "dependencies": {
                "ansi-styles": {
                  "version": "2.1.0",
                  "resolved": "https://registry.npmjs.org/ansi-styles/-/ansi-styles-2.1.0.tgz",
                  "integrity": "sha1-mQ90cUaSe1Wakyv5KVkWPWDA0OI="
                },
                "escape-string-regexp": {
                  "version": "1.0.3",
                  "resolved": "https://registry.npmjs.org/escape-string-regexp/-/escape-string-regexp-1.0.3.tgz",
                  "integrity": "sha1-ni2LJbwlVcMzZyN1DgPwmcJzW7U="
                },
                "has-ansi": {
                  "version": "2.0.0",
                  "resolved": "https://registry.npmjs.org/has-ansi/-/has-ansi-2.0.0.tgz",
                  "integrity": "sha1-NPUEnOHs3ysGSa8+8k5F7TVBbZE=",
                  "dependencies": {
                    "ansi-regex": {
                      "version": "2.0.0",
                      "resolved": "https://registry.npmjs.org/ansi-regex/-/ansi-regex-2.0.0.tgz",
                      "integrity": "sha1-xQYbbg74qBd15Q9dZhUb9r83EQc="
                    }
                  }
                },
                "strip-ansi": {
                  "version": "3.0.0",
                  "resolved": "https://registry.npmjs.org/strip-ansi/-/strip-ansi-3.0.0.tgz",
                  "integrity": "sha1-dRC2ZVZ8qRTMtdfgcnY6yWi+NyQ=",
                  "dependencies": {
                    "ansi-regex": {
                      "version": "2.0.0",
                      "resolved": "https://registry.npmjs.org/ansi-regex/-/ansi-regex-2.0.0.tgz",
                      "integrity": "sha1-xQYbbg74qBd15Q9dZhUb9r83EQc="
                    }
                  }
                },
                "supports-color": {
                  "version": "2.0.0",
                  "resolved": "https://registry.npmjs.org/supports-color/-/supports-color-2.0.0.tgz",
                  "integrity": "sha1-U10EXOa2Nj+kARcIRimZXp3zJMc="
                }
              }
            },
            "commander": {
              "version": "2.8.1",
              "resolved": "https://registry.npmjs.org/commander/-/commander-2.8.1.tgz",
              "integrity": "sha1-Br42f+v9oMMwqh4qBy09yXYkJdQ=",
              "dependencies": {
                "graceful-readlink": {
                  "version": "1.0.1",
                  "resolved": "https://registry.npmjs.org/graceful-readlink/-/graceful-readlink-1.0.1.tgz",
                  "integrity": "sha1-TK+tdrxi8C+gObL5Tpo906ORpyU="
                }
              }
            },
            "is-my-json-valid": {
              "version": "2.12.0",
              "resolved": "https://registry.npmjs.org/is-my-json-valid/-/is-my-json-valid-2.12.0.tgz",
              "integrity": "sha1-j6bECLJr6VtFoj6PjEtGSlOHTSs=",
              "dependencies": {
                "generate-function": {
                  "version": "2.0.0",
                  "resolved": "https://registry.npmjs.org/generate-function/-/generate-function-2.0.0.tgz",
                  "integrity": "sha1-aFj+fAlpt9TpCTM3ZHrHn2DfvnQ="
                },
                "generate-object-property": {
                  "version": "1.2.0",
                  "resolved": "https://registry.npmjs.org/generate-object-property/-/generate-object-property-1.2.0.tgz",
                  "integrity": "sha1-nA4cQDCM6AT0eDYYuTf6iPmdUNA=",
                  "dependencies": {
                    "is-property": {
                      "version": "1.0.2",
                      "resolved": "https://registry.npmjs.org/is-property/-/is-property-1.0.2.tgz",
                      "integrity": "sha1-V/4cTkhHTt1lsJkR8msc1Ald2oQ="
                    }
                  }
                },
                "jsonpointer": {
                  "version": "1.1.0",
                  "resolved": "https://registry.npmjs.org/jsonpointer/-/jsonpointer-1.1.0.tgz",
                  "integrity": "sha1-w8cu+u07lxVBY9wB3TSeHP4PgPw="
                },
                "xtend": {
                  "version": "4.0.0",
                  "resolved": "https://registry.npmjs.org/xtend/-/xtend-4.0.0.tgz",
                  "integrity": "sha1-i8Nv+Hrtvnzp6vC8o2sjVKdDhA8="
                }
              }
            }
          }
        },
        "hawk": {
          "version": "2.3.1",
          "resolved": "https://registry.npmjs.org/hawk/-/hawk-2.3.1.tgz",
          "integrity": "sha1-HnMc45RH+h0PbXB/e87r7A/R7B8=",
          "dependencies": {
            "boom": {
              "version": "2.8.0",
              "resolved": "https://registry.npmjs.org/boom/-/boom-2.8.0.tgz",
              "integrity": "sha1-MXvf1HAY/n3Xmw6dpz7+JEEZ/fE="
            },
            "cryptiles": {
              "version": "2.0.4",
              "resolved": "https://registry.npmjs.org/cryptiles/-/cryptiles-2.0.4.tgz",
              "integrity": "sha1-CeoXdbnhx95+YKmdQqtvCM4aEoU="
            },
            "hoek": {
              "version": "2.14.0",
              "resolved": "https://registry.npmjs.org/hoek/-/hoek-2.14.0.tgz",
              "integrity": "sha1-gSEWkfUqWoNa5J7b8eickANHaqQ="
            },
            "sntp": {
              "version": "1.0.9",
              "resolved": "https://registry.npmjs.org/sntp/-/sntp-1.0.9.tgz",
              "integrity": "sha1-ZUEYTMkK7qbG57NeJlkIJEPGYZg="
            }
          }
        },
        "http-signature": {
          "version": "0.11.0",
          "resolved": "https://registry.npmjs.org/http-signature/-/http-signature-0.11.0.tgz",
          "integrity": "sha1-F5bPZ6ABrVzWhJ3KCZFIXwkIn+Y=",
          "dependencies": {
            "asn1": {
              "version": "0.1.11",
              "resolved": "https://registry.npmjs.org/asn1/-/asn1-0.1.11.tgz",
              "integrity": "sha1-VZvhg3bQik7E2+gId9J4GGObLfc="
            },
            "assert-plus": {
              "version": "0.1.5",
              "resolved": "https://registry.npmjs.org/assert-plus/-/assert-plus-0.1.5.tgz",
              "integrity": "sha1-7nQAlBMALYTOxyGcasgRgS5yMWA="
            },
            "ctype": {
              "version": "0.5.3",
              "resolved": "https://registry.npmjs.org/ctype/-/ctype-0.5.3.tgz",
              "integrity": "sha1-gsGMJGH3QRTvFsE1IkrQuRRMoS8="
            }
          }
        },
        "isstream": {
          "version": "0.1.2",
          "resolved": "https://registry.npmjs.org/isstream/-/isstream-0.1.2.tgz",
          "integrity": "sha1-R+Y/evVa+m+S4VAOaQ64uFKcCZo="
        },
        "json-stringify-safe": {
          "version": "5.0.1",
          "resolved": "https://registry.npmjs.org/json-stringify-safe/-/json-stringify-safe-5.0.1.tgz",
          "integrity": "sha1-Epai1Y/UXxmg9s4B1lcB4sc1tus="
        },
        "mime-types": {
          "version": "2.0.14",
          "resolved": "https://registry.npmjs.org/mime-types/-/mime-types-2.0.14.tgz",
          "integrity": "sha1-MQ4VnbI+B3+Lsit0jav6SVcUCqY=",
          "dependencies": {
            "mime-db": {
              "version": "1.12.0",
              "resolved": "https://registry.npmjs.org/mime-db/-/mime-db-1.12.0.tgz",
              "integrity": "sha1-PQxjGA9FjrENMlqqN9fFiuMS6dc="
            }
          }
        },
        "node-uuid": {
          "version": "1.4.3",
          "resolved": "https://registry.npmjs.org/node-uuid/-/node-uuid-1.4.3.tgz",
          "integrity": "sha1-MZu3pW58tj8AtcDNeFHNS03fHfk="
        },
        "oauth-sign": {
          "version": "0.8.0",
          "resolved": "https://registry.npmjs.org/oauth-sign/-/oauth-sign-0.8.0.tgz",
          "integrity": "sha1-k4/ch1dlulJxN9iuydF44k3rxVM="
        },
        "qs": {
          "version": "3.1.0",
          "resolved": "https://registry.npmjs.org/qs/-/qs-3.1.0.tgz",
          "integrity": "sha1-0OmudFIzoS3EP7TzBVu6RGJhFTw="
        },
        "stringstream": {
          "version": "0.0.4",
          "resolved": "https://registry.npmjs.org/stringstream/-/stringstream-0.0.4.tgz",
          "integrity": "sha1-Dw40I/lClgtWkqwySlfdCTvEGpI="
        },
        "tough-cookie": {
          "version": "2.0.0",
          "resolved": "https://registry.npmjs.org/tough-cookie/-/tough-cookie-2.0.0.tgz",
          "integrity": "sha1-Qc4Icgs1z5C+sETdJgn7GekocY8="
        },
        "tunnel-agent": {
          "version": "0.4.1",
          "resolved": "https://registry.npmjs.org/tunnel-agent/-/tunnel-agent-0.4.1.tgz",
          "integrity": "sha1-u+7P9NZ5znU9uUYnYaiN/Ow8WrM="
        }
      }
    },
    "split": {
      "version": "0.2.10",
      "resolved": "https://registry.npmjs.org/split/-/split-0.2.10.tgz",
      "integrity": "sha1-Zwl8YB1pfOE2j0GPBs0gHPBSGlc="
    },
    "through": {
      "version": "2.3.8",
      "resolved": "https://registry.npmjs.org/through/-/through-2.3.8.tgz",
      "integrity": "sha1-DdTJ/6q8NXlgsbckEV1+Doai4fU="
    }
  }
}
